
Microsoft Visual Studio Solution File, Format Version 12.00
# Visual Studio Version 17
VisualStudioVersion = 17.13.35931.197 d17.13
MinimumVisualStudioVersion = 10.0.40219.1
Project("{FAE04EC0-301F-11D3-BF4B-00C04F79EFBC}") = "AgendaContatosMVC", "AgendaContatosMVC.csproj", "{BFE6EFEA-C41E-4CD4-8810-B3208D116103}"
EndProject
Global
	GlobalSection(SolutionConfigurationPlatforms) = preSolution
		Debug|Any CPU = Debug|Any CPU
		Release|Any CPU = Release|Any CPU
	EndGlobalSection
	GlobalSection(ProjectConfigurationPlatforms) = postSolution
		{BFE6EFEA-C41E-4CD4-8810-B3208D116103}.Debug|Any CPU.ActiveCfg = Debug|Any CPU
		{BFE6EFEA-C41E-4CD4-8810-B3208D116103}.Debug|Any CPU.Build.0 = Debug|Any CPU
		{BFE6EFEA-C41E-4CD4-8810-B3208D116103}.Release|Any CPU.ActiveCfg = Release|Any CPU
		{BFE6EFEA-C41E-4CD4-8810-B3208D116103}.Release|Any CPU.Build.0 = Release|Any CPU
	EndGlobalSection
	GlobalSection(SolutionProperties) = preSolution
		HideSolutionNode = FALSE
	EndGlobalSection
	GlobalSection(ExtensibilityGlobals) = postSolution
		SolutionGuid = {230558CB-2F5D-466D-8445-81C037FD08D6}
	EndGlobalSection
EndGlobal
